{
  "nodes": {
    "flakeNimbleLib": {
      "inputs": {
        "nixpkgs": [
          "nixpkgs"
        ]
      },
      "locked": {
        "lastModified": 1662018438,
        "narHash": "sha256-QtNtU6+LX3Wokxf0zlFwKTFOcn6TeDjKQZ+DA9OYtvM=",
        "owner": "riinr",
        "repo": "nim-flakes-lib",
        "rev": "b1fe8340736e3a85d25c709ac3dfd82a55c03cbf",
        "type": "github"
      },
      "original": {
        "owner": "riinr",
        "ref": "master",
        "repo": "nim-flakes-lib",
        "type": "github"
      }
    },
    "nixpkgs": {
      "locked": {
        "lastModified": 1667199707,
        "narHash": "sha256-I2Js3Y7gUyVSEXPULHlBoRek4Lh85vnevdS6mdvDNLI=",
        "owner": "NixOS",
        "repo": "nixpkgs",
        "rev": "ced197be72099edcfa68ebed8b87af7b04851f45",
        "type": "github"
      },
      "original": {
        "id": "nixpkgs",
        "type": "indirect"
      }
    },
    "root": {
      "inputs": {
        "flakeNimbleLib": "flakeNimbleLib",
        "nixpkgs": "nixpkgs",
        "src-golib-master": "src-golib-master"
      }
    },
    "src-golib-master": {
      "flake": false,
      "locked": {
        "lastModified": 1550189665,
        "narHash": "sha256-zcFHVO8PbeGB+FBU95tcfGoB85VMA6tK+lE++JZhC1Q=",
        "owner": "stefantalpalaru",
        "repo": "golib-nim",
        "rev": "548b5e4db2148eb1182a6825f3a0e40f6100187b",
        "type": "github"
      },
      "original": {
        "owner": "stefantalpalaru",
        "ref": "refs/heads/master",
        "repo": "golib-nim",
        "type": "github"
      }
    }
  },
  "root": "root",
  "version": 7
}
